// !$*UTF8*$!
{
	archiveVersion = 1;
	classes = {
	};
	objectVersion = 46;
	objects = {

/* Begin PBXBuildFile section */
		6E1C40A41999B1F900298C2B /* LLBulkViewController.m in Sources */ = {isa = PBXBuildFile; fileRef = 6E1C40A31999B1F900298C2B /* LLBulkViewController.m */; };
		6E1C40AE1999B8CF00298C2B /* HCNavigationAndStatusBarTool.m in Sources */ = {isa = PBXBuildFile; fileRef = 6E1C40AD1999B8CF00298C2B /* HCNavigationAndStatusBarTool.m */; };
		6E1C40B41999BDF000298C2B /* LLMerchantViewController.m in Sources */ = {isa = PBXBuildFile; fileRef = 6E1C40B31999BDF000298C2B /* LLMerchantViewController.m */; };
		6E1C40B71999BE0700298C2B /* LLMyViewController.m in Sources */ = {isa = PBXBuildFile; fileRef = 6E1C40B61999BE0700298C2B /* LLMyViewController.m */; };
		6E1C40BA1999BE1200298C2B /* LLMoreViewController.m in Sources */ = {isa = PBXBuildFile; fileRef = 6E1C40B91999BE1200298C2B /* LLMoreViewController.m */; };
		6E1C40BD1999C12200298C2B /* UIView+Coordinate.m in Sources */ = {isa = PBXBuildFile; fileRef = 6E1C40BC1999C12200298C2B /* UIView+Coordinate.m */; };
		6E1C40C11999C2FC00298C2B /* UILabel+extend.m in Sources */ = {isa = PBXBuildFile; fileRef = 6E1C40C01999C2FC00298C2B /* UILabel+extend.m */; };
		6E1C70211998BB9400B95440 /* Foundation.framework in Frameworks */ = {isa = PBXBuildFile; fileRef = 6E1C70201998BB9400B95440 /* Foundation.framework */; };
		6E1C70231998BB9400B95440 /* CoreGraphics.framework in Frameworks */ = {isa = PBXBuildFile; fileRef = 6E1C70221998BB9400B95440 /* CoreGraphics.framework */; };
		6E1C70251998BB9400B95440 /* UIKit.framework in Frameworks */ = {isa = PBXBuildFile; fileRef = 6E1C70241998BB9400B95440 /* UIKit.framework */; };
		6E1C702B1998BB9400B95440 /* InfoPlist.strings in Resources */ = {isa = PBXBuildFile; fileRef = 6E1C70291998BB9400B95440 /* InfoPlist.strings */; };
		6E1C702D1998BB9400B95440 /* main.m in Sources */ = {isa = PBXBuildFile; fileRef = 6E1C702C1998BB9400B95440 /* main.m */; };
		6E1C70311998BB9400B95440 /* LLAppDelegate.m in Sources */ = {isa = PBXBuildFile; fileRef = 6E1C70301998BB9400B95440 /* LLAppDelegate.m */; };
		6E1C70341998BB9400B95440 /* Main.storyboard in Resources */ = {isa = PBXBuildFile; fileRef = 6E1C70321998BB9400B95440 /* Main.storyboard */; };
		6E1C70391998BB9400B95440 /* Images.xcassets in Resources */ = {isa = PBXBuildFile; fileRef = 6E1C70381998BB9400B95440 /* Images.xcassets */; };
		6E1C70401998BB9400B95440 /* XCTest.framework in Frameworks */ = {isa = PBXBuildFile; fileRef = 6E1C703F1998BB9400B95440 /* XCTest.framework */; };
		6E1C70411998BB9400B95440 /* Foundation.framework in Frameworks */ = {isa = PBXBuildFile; fileRef = 6E1C70201998BB9400B95440 /* Foundation.framework */; };
		6E1C70421998BB9400B95440 /* UIKit.framework in Frameworks */ = {isa = PBXBuildFile; fileRef = 6E1C70241998BB9400B95440 /* UIKit.framework */; };
		6E1C704A1998BB9400B95440 /* InfoPlist.strings in Resources */ = {isa = PBXBuildFile; fileRef = 6E1C70481998BB9400B95440 /* InfoPlist.strings */; };
		6E1C704C1998BB9400B95440 /* faFaTuanTests.m in Sources */ = {isa = PBXBuildFile; fileRef = 6E1C704B1998BB9400B95440 /* faFaTuanTests.m */; };
		6E1C705A1998C04200B95440 /* LLGuideViewController.m in Sources */ = {isa = PBXBuildFile; fileRef = 6E1C70591998C04200B95440 /* LLGuideViewController.m */; };
		6E1C705D1998C34E00B95440 /* WFTTabBarViewController.m in Sources */ = {isa = PBXBuildFile; fileRef = 6E1C705C1998C34E00B95440 /* WFTTabBarViewController.m */; };
		6E1D3677199F08E90001F47D /* LLLine.m in Sources */ = {isa = PBXBuildFile; fileRef = 6E1D3676199F08E90001F47D /* LLLine.m */; };
		6E519C6E199C477E00EE418E /* UIImageView+extend.m in Sources */ = {isa = PBXBuildFile; fileRef = 6E519C6D199C477E00EE418E /* UIImageView+extend.m */; };
		6E519C72199C590900EE418E /* LLBulkTableViewCell.m in Sources */ = {isa = PBXBuildFile; fileRef = 6E519C71199C590900EE418E /* LLBulkTableViewCell.m */; };
		6E519C75199C605300EE418E /* NSString+extend.m in Sources */ = {isa = PBXBuildFile; fileRef = 6E519C74199C605300EE418E /* NSString+extend.m */; };
		6E519C86199C654300EE418E /* NSObject+SBJSON.m in Sources */ = {isa = PBXBuildFile; fileRef = 6E519C7B199C654300EE418E /* NSObject+SBJSON.m */; settings = {COMPILER_FLAGS = "-fno-objc-arc"; }; };
		6E519C87199C654300EE418E /* NSString+SBJSON.m in Sources */ = {isa = PBXBuildFile; fileRef = 6E519C7D199C654300EE418E /* NSString+SBJSON.m */; settings = {COMPILER_FLAGS = "-fno-objc-arc"; }; };
		6E519C88199C654300EE418E /* SBJSON.m in Sources */ = {isa = PBXBuildFile; fileRef = 6E519C7F199C654300EE418E /* SBJSON.m */; settings = {COMPILER_FLAGS = "-fno-objc-arc"; }; };
		6E519C89199C654300EE418E /* SBJsonBase.m in Sources */ = {isa = PBXBuildFile; fileRef = 6E519C81199C654300EE418E /* SBJsonBase.m */; settings = {COMPILER_FLAGS = "-fno-objc-arc"; }; };
		6E519C8A199C654300EE418E /* SBJsonParser.m in Sources */ = {isa = PBXBuildFile; fileRef = 6E519C83199C654300EE418E /* SBJsonParser.m */; settings = {COMPILER_FLAGS = "-fno-objc-arc"; }; };
		6E519C8B199C654300EE418E /* SBJsonWriter.m in Sources */ = {isa = PBXBuildFile; fileRef = 6E519C85199C654300EE418E /* SBJsonWriter.m */; settings = {COMPILER_FLAGS = "-fno-objc-arc"; }; };
		6E519CA5199C65CF00EE418E /* ASIAuthenticationDialog.m in Sources */ = {isa = PBXBuildFile; fileRef = 6E519C96199C65CF00EE418E /* ASIAuthenticationDialog.m */; settings = {COMPILER_FLAGS = "-fno-objc-arc"; }; };
		6E519CA6199C65CF00EE418E /* ASIInputStream.m in Sources */ = {isa = PBXBuildFile; fileRef = 6E519C98199C65CF00EE418E /* ASIInputStream.m */; settings = {COMPILER_FLAGS = "-fno-objc-arc"; }; };
		6E519CA7199C65CF00EE418E /* ASIFormDataRequest.m in Sources */ = {isa = PBXBuildFile; fileRef = 6E519C9A199C65CF00EE418E /* ASIFormDataRequest.m */; settings = {COMPILER_FLAGS = "-fno-objc-arc"; }; };
		6E519CA8199C65CF00EE418E /* ASIHTTPRequest.m in Sources */ = {isa = PBXBuildFile; fileRef = 6E519C9C199C65CF00EE418E /* ASIHTTPRequest.m */; settings = {COMPILER_FLAGS = "-fno-objc-arc"; }; };
		6E519CA9199C65CF00EE418E /* ASINetworkQueue.m in Sources */ = {isa = PBXBuildFile; fileRef = 6E519C9E199C65CF00EE418E /* ASINetworkQueue.m */; settings = {COMPILER_FLAGS = "-fno-objc-arc"; }; };
		6E519CAA199C65CF00EE418E /* ASIDownloadCache.m in Sources */ = {isa = PBXBuildFile; fileRef = 6E519CA0199C65CF00EE418E /* ASIDownloadCache.m */; settings = {COMPILER_FLAGS = "-fno-objc-arc"; }; };
		6E519CAB199C65CF00EE418E /* ASIDataDecompressor.m in Sources */ = {isa = PBXBuildFile; fileRef = 6E519CA2199C65CF00EE418E /* ASIDataDecompressor.m */; settings = {COMPILER_FLAGS = "-fno-objc-arc"; }; };
		6E519CAC199C65CF00EE418E /* ASIDataCompressor.m in Sources */ = {isa = PBXBuildFile; fileRef = 6E519CA4199C65CF00EE418E /* ASIDataCompressor.m */; settings = {COMPILER_FLAGS = "-fno-objc-arc"; }; };
		6E519CAF199C65EA00EE418E /* Reachability.m in Sources */ = {isa = PBXBuildFile; fileRef = 6E519CAE199C65EA00EE418E /* Reachability.m */; settings = {COMPILER_FLAGS = "-fno-objc-arc"; }; };
		6E519CB2199C65F300EE418E /* ASIWebPageRequest.m in Sources */ = {isa = PBXBuildFile; fileRef = 6E519CB1199C65F300EE418E /* ASIWebPageRequest.m */; settings = {COMPILER_FLAGS = "-fno-objc-arc"; }; };
		6E519CB5199C664500EE418E /* LLASIHelp.m in Sources */ = {isa = PBXBuildFile; fileRef = 6E519CB4199C664500EE418E /* LLASIHelp.m */; };
		6E519CB7199C925100EE418E /* libxml2.dylib in Frameworks */ = {isa = PBXBuildFile; fileRef = 6E519CB6199C925100EE418E /* libxml2.dylib */; };
		6E519CB9199C932A00EE418E /* CFNetwork.framework in Frameworks */ = {isa = PBXBuildFile; fileRef = 6E519CB8199C932A00EE418E /* CFNetwork.framework */; };
		6E519CBB199C93B500EE418E /* SystemConfiguration.framework in Frameworks */ = {isa = PBXBuildFile; fileRef = 6E519CBA199C93B500EE418E /* SystemConfiguration.framework */; };
		6E519CBD199C93BE00EE418E /* MobileCoreServices.framework in Frameworks */ = {isa = PBXBuildFile; fileRef = 6E519CBC199C93BE00EE418E /* MobileCoreServices.framework */; };
		6E519CBF199C93C500EE418E /* libz.dylib in Frameworks */ = {isa = PBXBuildFile; fileRef = 6E519CBE199C93C500EE418E /* libz.dylib */; };
/* End PBXBuildFile section */

/* Begin PBXContainerItemProxy section */
		6E1C70431998BB9400B95440 /* PBXContainerItemProxy */ = {
			isa = PBXContainerItemProxy;
			containerPortal = 6E1C70151998BB9400B95440 /* Project object */;
			proxyType = 1;
			remoteGlobalIDString = 6E1C701C1998BB9400B95440;
			remoteInfo = faFaTuan;
		};
/* End PBXContainerItemProxy section */

/* Begin PBXFileReference section */
		6E1C40A21999B1F900298C2B /* LLBulkViewController.h */ = {isa = PBXFileReference; fileEncoding = 4; lastKnownFileType = sourcecode.c.h; path = LLBulkViewController.h; sourceTree = "<group>"; };
		6E1C40A31999B1F900298C2B /* LLBulkViewController.m */ = {isa = PBXFileReference; fileEncoding = 4; lastKnownFileType = sourcecode.c.objc; path = LLBulkViewController.m; sourceTree = "<group>"; };
		6E1C40AC1999B8CF00298C2B /* HCNavigationAndStatusBarTool.h */ = {isa = PBXFileReference; fileEncoding = 4; lastKnownFileType = sourcecode.c.h; path = HCNavigationAndStatusBarTool.h; sourceTree = "<group>"; };
		6E1C40AD1999B8CF00298C2B /* HCNavigationAndStatusBarTool.m */ = {isa = PBXFileReference; fileEncoding = 4; lastKnownFileType = sourcecode.c.objc; path = HCNavigationAndStatusBarTool.m; sourceTree = "<group>"; };
		6E1C40B21999BDF000298C2B /* LLMerchantViewController.h */ = {isa = PBXFileReference; fileEncoding = 4; lastKnownFileType = sourcecode.c.h; path = LLMerchantViewController.h; sourceTree = "<group>"; };
		6E1C40B31999BDF000298C2B /* LLMerchantViewController.m */ = {isa = PBXFileReference; fileEncoding = 4; lastKnownFileType = sourcecode.c.objc; path = LLMerchantViewController.m; sourceTree = "<group>"; };
		6E1C40B51999BE0700298C2B /* LLMyViewController.h */ = {isa = PBXFileReference; fileEncoding = 4; lastKnownFileType = sourcecode.c.h; path = LLMyViewController.h; sourceTree = "<group>"; };
		6E1C40B61999BE0700298C2B /* LLMyViewController.m */ = {isa = PBXFileReference; fileEncoding = 4; lastKnownFileType = sourcecode.c.objc; path = LLMyViewController.m; sourceTree = "<group>"; };
		6E1C40B81999BE1200298C2B /* LLMoreViewController.h */ = {isa = PBXFileReference; fileEncoding = 4; lastKnownFileType = sourcecode.c.h; path = LLMoreViewController.h; sourceTree = "<group>"; };
		6E1C40B91999BE1200298C2B /* LLMoreViewController.m */ = {isa = PBXFileReference; fileEncoding = 4; lastKnownFileType = sourcecode.c.objc; path = LLMoreViewController.m; sourceTree = "<group>"; };
		6E1C40BB1999C11800298C2B /* UIView+Coordinate.h */ = {isa = PBXFileReference; fileEncoding = 4; lastKnownFileType = sourcecode.c.h; path = "UIView+Coordinate.h"; sourceTree = "<group>"; };
		6E1C40BC1999C12200298C2B /* UIView+Coordinate.m */ = {isa = PBXFileReference; fileEncoding = 4; lastKnownFileType = sourcecode.c.objc; path = "UIView+Coordinate.m"; sourceTree = "<group>"; };
		6E1C40BF1999C2FC00298C2B /* UILabel+extend.h */ = {isa = PBXFileReference; fileEncoding = 4; lastKnownFileType = sourcecode.c.h; path = "UILabel+extend.h"; sourceTree = "<group>"; };
		6E1C40C01999C2FC00298C2B /* UILabel+extend.m */ = {isa = PBXFileReference; fileEncoding = 4; lastKnownFileType = sourcecode.c.objc; path = "UILabel+extend.m"; sourceTree = "<group>"; };
		6E1C701D1998BB9400B95440 /* faFaTuan.app */ = {isa = PBXFileReference; explicitFileType = wrapper.application; includeInIndex = 0; path = faFaTuan.app; sourceTree = BUILT_PRODUCTS_DIR; };
		6E1C70201998BB9400B95440 /* Foundation.framework */ = {isa = PBXFileReference; lastKnownFileType = wrapper.framework; name = Foundation.framework; path = System/Library/Frameworks/Foundation.framework; sourceTree = SDKROOT; };
		6E1C70221998BB9400B95440 /* CoreGraphics.framework */ = {isa = PBXFileReference; lastKnownFileType = wrapper.framework; name = CoreGraphics.framework; path = System/Library/Frameworks/CoreGraphics.framework; sourceTree = SDKROOT; };
		6E1C70241998BB9400B95440 /* UIKit.framework */ = {isa = PBXFileReference; lastKnownFileType = wrapper.framework; name = UIKit.framework; path = System/Library/Frameworks/UIKit.framework; sourceTree = SDKROOT; };
		6E1C70281998BB9400B95440 /* faFaTuan-Info.plist */ = {isa = PBXFileReference; lastKnownFileType = text.plist.xml; path = "faFaTuan-Info.plist"; sourceTree = "<group>"; };
		6E1C702A1998BB9400B95440 /* en */ = {isa = PBXFileReference; lastKnownFileType = text.plist.strings; name = en; path = en.lproj/InfoPlist.strings; sourceTree = "<group>"; };
		6E1C702C1998BB9400B95440 /* main.m */ = {isa = PBXFileReference; lastKnownFileType = sourcecode.c.objc; path = main.m; sourceTree = "<group>"; };
		6E1C702E1998BB9400B95440 /* faFaTuan-Prefix.pch */ = {isa = PBXFileReference; lastKnownFileType = sourcecode.c.h; path = "faFaTuan-Prefix.pch"; sourceTree = "<group>"; };
		6E1C702F1998BB9400B95440 /* LLAppDelegate.h */ = {isa = PBXFileReference; lastKnownFileType = sourcecode.c.h; path = LLAppDelegate.h; sourceTree = "<group>"; };
		6E1C70301998BB9400B95440 /* LLAppDelegate.m */ = {isa = PBXFileReference; lastKnownFileType = sourcecode.c.objc; path = LLAppDelegate.m; sourceTree = "<group>"; };
		6E1C70331998BB9400B95440 /* Base */ = {isa = PBXFileReference; lastKnownFileType = file.storyboard; name = Base; path = Base.lproj/Main.storyboard; sourceTree = "<group>"; };
		6E1C70381998BB9400B95440 /* Images.xcassets */ = {isa = PBXFileReference; lastKnownFileType = folder.assetcatalog; path = Images.xcassets; sourceTree = "<group>"; };
		6E1C703E1998BB9400B95440 /* faFaTuanTests.xctest */ = {isa = PBXFileReference; explicitFileType = wrapper.cfbundle; includeInIndex = 0; path = faFaTuanTests.xctest; sourceTree = BUILT_PRODUCTS_DIR; };
		6E1C703F1998BB9400B95440 /* XCTest.framework */ = {isa = PBXFileReference; lastKnownFileType = wrapper.framework; name = XCTest.framework; path = Library/Frameworks/XCTest.framework; sourceTree = DEVELOPER_DIR; };
		6E1C70471998BB9400B95440 /* faFaTuanTests-Info.plist */ = {isa = PBXFileReference; lastKnownFileType = text.plist.xml; path = "faFaTuanTests-Info.plist"; sourceTree = "<group>"; };
		6E1C70491998BB9400B95440 /* en */ = {isa = PBXFileReference; lastKnownFileType = text.plist.strings; name = en; path = en.lproj/InfoPlist.strings; sourceTree = "<group>"; };
		6E1C704B1998BB9400B95440 /* faFaTuanTests.m */ = {isa = PBXFileReference; lastKnownFileType = sourcecode.c.objc; path = faFaTuanTests.m; sourceTree = "<group>"; };
		6E1C70581998C04200B95440 /* LLGuideViewController.h */ = {isa = PBXFileReference; fileEncoding = 4; lastKnownFileType = sourcecode.c.h; path = LLGuideViewController.h; sourceTree = "<group>"; };
		6E1C70591998C04200B95440 /* LLGuideViewController.m */ = {isa = PBXFileReference; fileEncoding = 4; lastKnownFileType = sourcecode.c.objc; path = LLGuideViewController.m; sourceTree = "<group>"; };
		6E1C705B1998C34E00B95440 /* WFTTabBarViewController.h */ = {isa = PBXFileReference; fileEncoding = 4; lastKnownFileType = sourcecode.c.h; path = WFTTabBarViewController.h; sourceTree = "<group>"; };
		6E1C705C1998C34E00B95440 /* WFTTabBarViewController.m */ = {isa = PBXFileReference; fileEncoding = 4; lastKnownFileType = sourcecode.c.objc; path = WFTTabBarViewController.m; sourceTree = "<group>"; };
		6E1D3675199F08E90001F47D /* LLLine.h */ = {isa = PBXFileReference; fileEncoding = 4; lastKnownFileType = sourcecode.c.h; path = LLLine.h; sourceTree = "<group>"; };
		6E1D3676199F08E90001F47D /* LLLine.m */ = {isa = PBXFileReference; fileEncoding = 4; lastKnownFileType = sourcecode.c.objc; path = LLLine.m; sourceTree = "<group>"; };
		6E519C6C199C477E00EE418E /* UIImageView+extend.h */ = {isa = PBXFileReference; fileEncoding = 4; lastKnownFileType = sourcecode.c.h; path = "UIImageView+extend.h"; sourceTree = "<group>"; };
		6E519C6D199C477E00EE418E /* UIImageView+extend.m */ = {isa = PBXFileReference; fileEncoding = 4; lastKnownFileType = sourcecode.c.objc; path = "UIImageView+extend.m"; sourceTree = "<group>"; };
		6E519C70199C590900EE418E /* LLBulkTableViewCell.h */ = {isa = PBXFileReference; fileEncoding = 4; lastKnownFileType = sourcecode.c.h; path = LLBulkTableViewCell.h; sourceTree = "<group>"; };
		6E519C71199C590900EE418E /* LLBulkTableViewCell.m */ = {isa = PBXFileReference; fileEncoding = 4; lastKnownFileType = sourcecode.c.objc; path = LLBulkTableViewCell.m; sourceTree = "<group>"; };
		6E519C73199C605300EE418E /* NSString+extend.h */ = {isa = PBXFileReference; fileEncoding = 4; lastKnownFileType = sourcecode.c.h; path = "NSString+extend.h"; sourceTree = "<group>"; };
		6E519C74199C605300EE418E /* NSString+extend.m */ = {isa = PBXFileReference; fileEncoding = 4; lastKnownFileType = sourcecode.c.objc; path = "NSString+extend.m"; sourceTree = "<group>"; };
		6E519C79199C654300EE418E /* JSON.h */ = {isa = PBXFileReference; fileEncoding = 4; lastKnownFileType = sourcecode.c.h; path = JSON.h; sourceTree = "<group>"; };
		6E519C7A199C654300EE418E /* NSObject+SBJSON.h */ = {isa = PBXFileReference; fileEncoding = 4; lastKnownFileType = sourcecode.c.h; path = "NSObject+SBJSON.h"; sourceTree = "<group>"; };
		6E519C7B199C654300EE418E /* NSObject+SBJSON.m */ = {isa = PBXFileReference; fileEncoding = 4; lastKnownFileType = sourcecode.c.objc; path = "NSObject+SBJSON.m"; sourceTree = "<group>"; };
		6E519C7C199C654300EE418E /* NSString+SBJSON.h */ = {isa = PBXFileReference; fileEncoding = 4; lastKnownFileType = sourcecode.c.h; path = "NSString+SBJSON.h"; sourceTree = "<group>"; };
		6E519C7D199C654300EE418E /* NSString+SBJSON.m */ = {isa = PBXFileReference; fileEncoding = 4; lastKnownFileType = sourcecode.c.objc; path = "NSString+SBJSON.m"; sourceTree = "<group>"; };
		6E519C7E199C654300EE418E /* SBJSON.h */ = {isa = PBXFileReference; fileEncoding = 4; lastKnownFileType = sourcecode.c.h; path = SBJSON.h; sourceTree = "<group>"; };
		6E519C7F199C654300EE418E /* SBJSON.m */ = {isa = PBXFileReference; fileEncoding = 4; lastKnownFileType = sourcecode.c.objc; path = SBJSON.m; sourceTree = "<group>"; };
		6E519C80199C654300EE418E /* SBJsonBase.h */ = {isa = PBXFileReference; fileEncoding = 4; lastKnownFileType = sourcecode.c.h; path = SBJsonBase.h; sourceTree = "<group>"; };
		6E519C81199C654300EE418E /* SBJsonBase.m */ = {isa = PBXFileReference; fileEncoding = 4; lastKnownFileType = sourcecode.c.objc; path = SBJsonBase.m; sourceTree = "<group>"; };
		6E519C82199C654300EE418E /* SBJsonParser.h */ = {isa = PBXFileReference; fileEncoding = 4; lastKnownFileType = sourcecode.c.h; path = SBJsonParser.h; sourceTree = "<group>"; };
		6E519C83199C654300EE418E /* SBJsonParser.m */ = {isa = PBXFileReference; fileEncoding = 4; lastKnownFileType = sourcecode.c.objc; path = SBJsonParser.m; sourceTree = "<group>"; };
		6E519C84199C654300EE418E /* SBJsonWriter.h */ = {isa = PBXFileReference; fileEncoding = 4; lastKnownFileType = sourcecode.c.h; path = SBJsonWriter.h; sourceTree = "<group>"; };
		6E519C85199C654300EE418E /* SBJsonWriter.m */ = {isa = PBXFileReference; fileEncoding = 4; lastKnownFileType = sourcecode.c.objc; path = SBJsonWriter.m; sourceTree = "<group>"; };
		6E519C91199C65CF00EE418E /* ASIHTTPRequestConfig.h */ = {isa = PBXFileReference; fileEncoding = 4; lastKnownFileType = sourcecode.c.h; path = ASIHTTPRequestConfig.h; sourceTree = "<group>"; };
		6E519C92199C65CF00EE418E /* ASICacheDelegate.h */ = {isa = PBXFileReference; fileEncoding = 4; lastKnownFileType = sourcecode.c.h; path = ASICacheDelegate.h; sourceTree = "<group>"; };
		6E519C93199C65CF00EE418E /* ASIHTTPRequestDelegate.h */ = {isa = PBXFileReference; fileEncoding = 4; lastKnownFileType = sourcecode.c.h; path = ASIHTTPRequestDelegate.h; sourceTree = "<group>"; };
		6E519C94199C65CF00EE418E /* ASIProgressDelegate.h */ = {isa = PBXFileReference; fileEncoding = 4; lastKnownFileType = sourcecode.c.h; path = ASIProgressDelegate.h; sourceTree = "<group>"; };
		6E519C95199C65CF00EE418E /* ASIAuthenticationDialog.h */ = {isa = PBXFileReference; fileEncoding = 4; lastKnownFileType = sourcecode.c.h; path = ASIAuthenticationDialog.h; sourceTree = "<group>"; };
		6E519C96199C65CF00EE418E /* ASIAuthenticationDialog.m */ = {isa = PBXFileReference; fileEncoding = 4; lastKnownFileType = sourcecode.c.objc; path = ASIAuthenticationDialog.m; sourceTree = "<group>"; };
		6E519C97199C65CF00EE418E /* ASIInputStream.h */ = {isa = PBXFileReference; fileEncoding = 4; lastKnownFileType = sourcecode.c.h; path = ASIInputStream.h; sourceTree = "<group>"; };
		6E519C98199C65CF00EE418E /* ASIInputStream.m */ = {isa = PBXFileReference; fileEncoding = 4; lastKnownFileType = sourcecode.c.objc; path = ASIInputStream.m; sourceTree = "<group>"; };
		6E519C99199C65CF00EE418E /* ASIFormDataRequest.h */ = {isa = PBXFileReference; fileEncoding = 4; lastKnownFileType = sourcecode.c.h; path = ASIFormDataRequest.h; sourceTree = "<group>"; };
		6E519C9A199C65CF00EE418E /* ASIFormDataRequest.m */ = {isa = PBXFileReference; fileEncoding = 4; lastKnownFileType = sourcecode.c.objc; path = ASIFormDataRequest.m; sourceTree = "<group>"; };
		6E519C9B199C65CF00EE418E /* ASIHTTPRequest.h */ = {isa = PBXFileReference; fileEncoding = 4; lastKnownFileType = sourcecode.c.h; path = ASIHTTPRequest.h; sourceTree = "<group>"; };
		6E519C9C199C65CF00EE418E /* ASIHTTPRequest.m */ = {isa = PBXFileReference; fileEncoding = 4; lastKnownFileType = sourcecode.c.objc; path = ASIHTTPRequest.m; sourceTree = "<group>"; };
		6E519C9D199C65CF00EE418E /* ASINetworkQueue.h */ = {isa = PBXFileReference; fileEncoding = 4; lastKnownFileType = sourcecode.c.h; path = ASINetworkQueue.h; sourceTree = "<group>"; };
		6E519C9E199C65CF00EE418E /* ASINetworkQueue.m */ = {isa = PBXFileReference; fileEncoding = 4; lastKnownFileType = sourcecode.c.objc; path = ASINetworkQueue.m; sourceTree = "<group>"; };
		6E519C9F199C65CF00EE418E /* ASIDownloadCache.h */ = {isa = PBXFileReference; fileEncoding = 4; lastKnownFileType = sourcecode.c.h; path = ASIDownloadCache.h; sourceTree = "<group>"; };
		6E519CA0199C65CF00EE418E /* ASIDownloadCache.m */ = {isa = PBXFileReference; fileEncoding = 4; lastKnownFileType = sourcecode.c.objc; path = ASIDownloadCache.m; sourceTree = "<group>"; };
		6E519CA1199C65CF00EE418E /* ASIDataDecompressor.h */ = {isa = PBXFileReference; fileEncoding = 4; lastKnownFileType = sourcecode.c.h; path = ASIDataDecompressor.h; sourceTree = "<group>"; };
		6E519CA2199C65CF00EE418E /* ASIDataDecompressor.m */ = {isa = PBXFileReference; fileEncoding = 4; lastKnownFileType = sourcecode.c.objc; path = ASIDataDecompressor.m; sourceTree = "<group>"; };
		6E519CA3199C65CF00EE418E /* ASIDataCompressor.h */ = {isa = PBXFileReference; fileEncoding = 4; lastKnownFileType = sourcecode.c.h; path = ASIDataCompressor.h; sourceTree = "<group>"; };
		6E519CA4199C65CF00EE418E /* ASIDataCompressor.m */ = {isa = PBXFileReference; fileEncoding = 4; lastKnownFileType = sourcecode.c.objc; path = ASIDataCompressor.m; sourceTree = "<group>"; };
		6E519CAD199C65EA00EE418E /* Reachability.h */ = {isa = PBXFileReference; fileEncoding = 4; lastKnownFileType = sourcecode.c.h; path = Reachability.h; sourceTree = "<group>"; };
		6E519CAE199C65EA00EE418E /* Reachability.m */ = {isa = PBXFileReference; fileEncoding = 4; lastKnownFileType = sourcecode.c.objc; path = Reachability.m; sourceTree = "<group>"; };
		6E519CB0199C65F300EE418E /* ASIWebPageRequest.h */ = {isa = PBXFileReference; fileEncoding = 4; lastKnownFileType = sourcecode.c.h; path = ASIWebPageRequest.h; sourceTree = "<group>"; };
		6E519CB1199C65F300EE418E /* ASIWebPageRequest.m */ = {isa = PBXFileReference; fileEncoding = 4; lastKnownFileType = sourcecode.c.objc; path = ASIWebPageRequest.m; sourceTree = "<group>"; };
		6E519CB3199C664500EE418E /* LLASIHelp.h */ = {isa = PBXFileReference; fileEncoding = 4; lastKnownFileType = sourcecode.c.h; path = LLASIHelp.h; sourceTree = "<group>"; };
		6E519CB4199C664500EE418E /* LLASIHelp.m */ = {isa = PBXFileReference; fileEncoding = 4; lastKnownFileType = sourcecode.c.objc; path = LLASIHelp.m; sourceTree = "<group>"; };
		6E519CB6199C925100EE418E /* libxml2.dylib */ = {isa = PBXFileReference; lastKnownFileType = "compiled.mach-o.dylib"; name = libxml2.dylib; path = usr/lib/libxml2.dylib; sourceTree = SDKROOT; };
		6E519CB8199C932A00EE418E /* CFNetwork.framework */ = {isa = PBXFileReference; lastKnownFileType = wrapper.framework; name = CFNetwork.framework; path = System/Library/Frameworks/CFNetwork.framework; sourceTree = SDKROOT; };
		6E519CBA199C93B500EE418E /* SystemConfiguration.framework */ = {isa = PBXFileReference; lastKnownFileType = wrapper.framework; name = SystemConfiguration.framework; path = System/Library/Frameworks/SystemConfiguration.framework; sourceTree = SDKROOT; };
		6E519CBC199C93BE00EE418E /* MobileCoreServices.framework */ = {isa = PBXFileReference; lastKnownFileType = wrapper.framework; name = MobileCoreServices.framework; path = System/Library/Frameworks/MobileCoreServices.framework; sourceTree = SDKROOT; };
		6E519CBE199C93C500EE418E /* libz.dylib */ = {isa = PBXFileReference; lastKnownFileType = "compiled.mach-o.dylib"; name = libz.dylib; path = usr/lib/libz.dylib; sourceTree = SDKROOT; };
/* End PBXFileReference section */

/* Begin PBXFrameworksBuildPhase section */
		6E1C701A1998BB9400B95440 /* Frameworks */ = {
			isa = PBXFrameworksBuildPhase;
			buildActionMask = 2147483647;
			files = (
				6E519CBF199C93C500EE418E /* libz.dylib in Frameworks */,
				6E519CBD199C93BE00EE418E /* MobileCoreServices.framework in Frameworks */,
				6E519CBB199C93B500EE418E /* SystemConfiguration.framework in Frameworks */,
				6E519CB9199C932A00EE418E /* CFNetwork.framework in Frameworks */,
				6E519CB7199C925100EE418E /* libxml2.dylib in Frameworks */,
				6E1C70231998BB9400B95440 /* CoreGraphics.framework in Frameworks */,
				6E1C70251998BB9400B95440 /* UIKit.framework in Frameworks */,
				6E1C70211998BB9400B95440 /* Foundation.framework in Frameworks */,
			);
			runOnlyForDeploymentPostprocessing = 0;
		};
		6E1C703B1998BB9400B95440 /* Frameworks */ = {
			isa = PBXFrameworksBuildPhase;
			buildActionMask = 2147483647;
			files = (
				6E1C70401998BB9400B95440 /* XCTest.framework in Frameworks */,
				6E1C70421998BB9400B95440 /* UIKit.framework in Frameworks */,
				6E1C70411998BB9400B95440 /* Foundation.framework in Frameworks */,
			);
			runOnlyForDeploymentPostprocessing = 0;
		};
/* End PBXFrameworksBuildPhase section */

/* Begin PBXGroup section */
		6E1C40A11999B1D100298C2B /* 团购 */ = {
			isa = PBXGroup;
			children = (
				6E519C6F199C581400EE418E /* 团购cell */,
				6E1C40A21999B1F900298C2B /* LLBulkViewController.h */,
				6E1C40A31999B1F900298C2B /* LLBulkViewController.m */,
			);
			name = "团购";
			sourceTree = "<group>";
		};
		6E1C40AA1999B7BF00298C2B /* 开始 */ = {
			isa = PBXGroup;
			children = (
				6E1C702F1998BB9400B95440 /* LLAppDelegate.h */,
				6E1C70301998BB9400B95440 /* LLAppDelegate.m */,
				6E1C70321998BB9400B95440 /* Main.storyboard */,
				6E1C70581998C04200B95440 /* LLGuideViewController.h */,
				6E1C70591998C04200B95440 /* LLGuideViewController.m */,
				6E1C705B1998C34E00B95440 /* WFTTabBarViewController.h */,
				6E1C705C1998C34E00B95440 /* WFTTabBarViewController.m */,
			);
			name = "开始";
			sourceTree = "<group>";
		};
		6E1C40AB1999B8B600298C2B /* 工具 */ = {
			isa = PBXGroup;
			children = (
				6E519C77199C644700EE418E /* 网络请求 */,
				6E519C76199C643900EE418E /* 导航栏 */,
				6E1C40BE1999C12D00298C2B /* 扩展函数 */,
			);
			name = "工具";
			sourceTree = "<group>";
		};
		6E1C40AF1999BDA200298C2B /* 商家 */ = {
			isa = PBXGroup;
			children = (
				6E1C40B21999BDF000298C2B /* LLMerchantViewController.h */,
				6E1C40B31999BDF000298C2B /* LLMerchantViewController.m */,
			);
			name = "商家";
			sourceTree = "<group>";
		};
		6E1C40B01999BDB000298C2B /* 我的 */ = {
			isa = PBXGroup;
			children = (
				6E1C40B51999BE0700298C2B /* LLMyViewController.h */,
				6E1C40B61999BE0700298C2B /* LLMyViewController.m */,
			);
			name = "我的";
			sourceTree = "<group>";
		};
		6E1C40B11999BDB500298C2B /* 更多 */ = {
			isa = PBXGroup;
			children = (
				6E1C40B81999BE1200298C2B /* LLMoreViewController.h */,
				6E1C40B91999BE1200298C2B /* LLMoreViewController.m */,
			);
			name = "更多";
			sourceTree = "<group>";
		};
		6E1C40BE1999C12D00298C2B /* 扩展函数 */ = {
			isa = PBXGroup;
			children = (
				6E519C73199C605300EE418E /* NSString+extend.h */,
				6E519C74199C605300EE418E /* NSString+extend.m */,
				6E519C6C199C477E00EE418E /* UIImageView+extend.h */,
				6E519C6D199C477E00EE418E /* UIImageView+extend.m */,
				6E1C40BF1999C2FC00298C2B /* UILabel+extend.h */,
				6E1C40C01999C2FC00298C2B /* UILabel+extend.m */,
				6E1C40BB1999C11800298C2B /* UIView+Coordinate.h */,
				6E1C40BC1999C12200298C2B /* UIView+Coordinate.m */,
			);
			name = "扩展函数";
			sourceTree = "<group>";
		};
		6E1C70141998BB9400B95440 = {
			isa = PBXGroup;
			children = (
				6E1C70261998BB9400B95440 /* faFaTuan */,
				6E1C70451998BB9400B95440 /* faFaTuanTests */,
				6E1C701F1998BB9400B95440 /* Frameworks */,
				6E1C701E1998BB9400B95440 /* Products */,
			);
			sourceTree = "<group>";
		};
		6E1C701E1998BB9400B95440 /* Products */ = {
			isa = PBXGroup;
			children = (
				6E1C701D1998BB9400B95440 /* faFaTuan.app */,
				6E1C703E1998BB9400B95440 /* faFaTuanTests.xctest */,
			);
			name = Products;
			sourceTree = "<group>";
		};
		6E1C701F1998BB9400B95440 /* Frameworks */ = {
			isa = PBXGroup;
			children = (
				6E519CBE199C93C500EE418E /* libz.dylib */,
				6E519CBC199C93BE00EE418E /* MobileCoreServices.framework */,
				6E519CBA199C93B500EE418E /* SystemConfiguration.framework */,
				6E519CB8199C932A00EE418E /* CFNetwork.framework */,
				6E519CB6199C925100EE418E /* libxml2.dylib */,
				6E1C70201998BB9400B95440 /* Foundation.framework */,
				6E1C70221998BB9400B95440 /* CoreGraphics.framework */,
				6E1C70241998BB9400B95440 /* UIKit.framework */,
				6E1C703F1998BB9400B95440 /* XCTest.framework */,
			);
			name = Frameworks;
			sourceTree = "<group>";
		};
		6E1C70261998BB9400B95440 /* faFaTuan */ = {
			isa = PBXGroup;
			children = (
				6E1C40AB1999B8B600298C2B /* 工具 */,
				6E1C40AA1999B7BF00298C2B /* 开始 */,
				6E1C40B11999BDB500298C2B /* 更多 */,
				6E1C40B01999BDB000298C2B /* 我的 */,
				6E1C40AF1999BDA200298C2B /* 商家 */,
				6E1C40A11999B1D100298C2B /* 团购 */,
				6E1C70381998BB9400B95440 /* Images.xcassets */,
				6E1C70271998BB9400B95440 /* Supporting Files */,
			);
			path = faFaTuan;
			sourceTree = "<group>";
		};
		6E1C70271998BB9400B95440 /* Supporting Files */ = {
			isa = PBXGroup;
			children = (
				6E1C70281998BB9400B95440 /* faFaTuan-Info.plist */,
				6E1C70291998BB9400B95440 /* InfoPlist.strings */,
				6E1C702C1998BB9400B95440 /* main.m */,
				6E1C702E1998BB9400B95440 /* faFaTuan-Prefix.pch */,
			);
			name = "Supporting Files";
			sourceTree = "<group>";
		};
		6E1C70451998BB9400B95440 /* faFaTuanTests */ = {
			isa = PBXGroup;
			children = (
				6E1C704B1998BB9400B95440 /* faFaTuanTests.m */,
				6E1C70461998BB9400B95440 /* Supporting Files */,
			);
			path = faFaTuanTests;
			sourceTree = "<group>";
		};
		6E1C70461998BB9400B95440 /* Supporting Files */ = {
			isa = PBXGroup;
			children = (
				6E1C70471998BB9400B95440 /* faFaTuanTests-Info.plist */,
				6E1C70481998BB9400B95440 /* InfoPlist.strings */,
			);
			name = "Supporting Files";
			sourceTree = "<group>";
		};
		6E519C6F199C581400EE418E /* 团购cell */ = {
			isa = PBXGroup;
			children = (
				6E1D3675199F08E90001F47D /* LLLine.h */,
				6E1D3676199F08E90001F47D /* LLLine.m */,
				6E519C70199C590900EE418E /* LLBulkTableViewCell.h */,
				6E519C71199C590900EE418E /* LLBulkTableViewCell.m */,
			);
			name = "团购cell";
			sourceTree = "<group>";
		};
		6E519C76199C643900EE418E /* 导航栏 */ = {
			isa = PBXGroup;
			children = (
				6E1C40AC1999B8CF00298C2B /* HCNavigationAndStatusBarTool.h */,
				6E1C40AD1999B8CF00298C2B /* HCNavigationAndStatusBarTool.m */,
			);
			name = "导航栏";
			sourceTree = "<group>";
		};
		6E519C77199C644700EE418E /* 网络请求 */ = {
			isa = PBXGroup;
			children = (
				6E519CB3199C664500EE418E /* LLASIHelp.h */,
				6E519CB4199C664500EE418E /* LLASIHelp.m */,
				6E519C90199C65BB00EE418E /* asi */,
				6E519C78199C652C00EE418E /* Json */,
			);
			name = "网络请求";
			sourceTree = "<group>";
		};
		6E519C78199C652C00EE418E /* Json */ = {
			isa = PBXGroup;
			children = (
				6E519C79199C654300EE418E /* JSON.h */,
				6E519C7A199C654300EE418E /* NSObject+SBJSON.h */,
				6E519C7B199C654300EE418E /* NSObject+SBJSON.m */,
				6E519C7C199C654300EE418E /* NSString+SBJSON.h */,
				6E519C7D199C654300EE418E /* NSString+SBJSON.m */,
				6E519C7E199C654300EE418E /* SBJSON.h */,
				6E519C7F199C654300EE418E /* SBJSON.m */,
				6E519C80199C654300EE418E /* SBJsonBase.h */,
				6E519C81199C654300EE418E /* SBJsonBase.m */,
				6E519C82199C654300EE418E /* SBJsonParser.h */,
				6E519C83199C654300EE418E /* SBJsonParser.m */,
				6E519C84199C654300EE418E /* SBJsonWriter.h */,
				6E519C85199C654300EE418E /* SBJsonWriter.m */,
			);
			name = Json;
			sourceTree = "<group>";
		};
		6E519C90199C65BB00EE418E /* asi */ = {
			isa = PBXGroup;
			children = (
				6E519CB0199C65F300EE418E /* ASIWebPageRequest.h */,
				6E519CB1199C65F300EE418E /* ASIWebPageRequest.m */,
				6E519CAD199C65EA00EE418E /* Reachability.h */,
				6E519CAE199C65EA00EE418E /* Reachability.m */,
				6E519C91199C65CF00EE418E /* ASIHTTPRequestConfig.h */,
				6E519C92199C65CF00EE418E /* ASICacheDelegate.h */,
				6E519C93199C65CF00EE418E /* ASIHTTPRequestDelegate.h */,
				6E519C94199C65CF00EE418E /* ASIProgressDelegate.h */,
				6E519C95199C65CF00EE418E /* ASIAuthenticationDialog.h */,
				6E519C96199C65CF00EE418E /* ASIAuthenticationDialog.m */,
				6E519C97199C65CF00EE418E /* ASIInputStream.h */,
				6E519C98199C65CF00EE418E /* ASIInputStream.m */,
				6E519C99199C65CF00EE418E /* ASIFormDataRequest.h */,
				6E519C9A199C65CF00EE418E /* ASIFormDataRequest.m */,
				6E519C9B199C65CF00EE418E /* ASIHTTPRequest.h */,
				6E519C9C199C65CF00EE418E /* ASIHTTPRequest.m */,
				6E519C9D199C65CF00EE418E /* ASINetworkQueue.h */,
				6E519C9E199C65CF00EE418E /* ASINetworkQueue.m */,
				6E519C9F199C65CF00EE418E /* ASIDownloadCache.h */,
				6E519CA0199C65CF00EE418E /* ASIDownloadCache.m */,
				6E519CA1199C65CF00EE418E /* ASIDataDecompressor.h */,
				6E519CA2199C65CF00EE418E /* ASIDataDecompressor.m */,
				6E519CA3199C65CF00EE418E /* ASIDataCompressor.h */,
				6E519CA4199C65CF00EE418E /* ASIDataCompressor.m */,
			);
			name = asi;
			sourceTree = "<group>";
		};
/* End PBXGroup section */

/* Begin PBXNativeTarget section */
		6E1C701C1998BB9400B95440 /* faFaTuan */ = {
			isa = PBXNativeTarget;
			buildConfigurationList = 6E1C704F1998BB9400B95440 /* Build configuration list for PBXNativeTarget "faFaTuan" */;
			buildPhases = (
				6E1C70191998BB9400B95440 /* Sources */,
				6E1C701A1998BB9400B95440 /* Frameworks */,
				6E1C701B1998BB9400B95440 /* Resources */,
			);
			buildRules = (
			);
			dependencies = (
			);
			name = faFaTuan;
			productName = faFaTuan;
			productReference = 6E1C701D1998BB9400B95440 /* faFaTuan.app */;
			productType = "com.apple.product-type.application";
		};
		6E1C703D1998BB9400B95440 /* faFaTuanTests */ = {
			isa = PBXNativeTarget;
			buildConfigurationList = 6E1C70521998BB9400B95440 /* Build configuration list for PBXNativeTarget "faFaTuanTests" */;
			buildPhases = (
				6E1C703A1998BB9400B95440 /* Sources */,
				6E1C703B1998BB9400B95440 /* Frameworks */,
				6E1C703C1998BB9400B95440 /* Resources */,
			);
			buildRules = (
			);
			dependencies = (
				6E1C70441998BB9400B95440 /* PBXTargetDependency */,
			);
			name = faFaTuanTests;
			productName = faFaTuanTests;
			productReference = 6E1C703E1998BB9400B95440 /* faFaTuanTests.xctest */;
			productType = "com.apple.product-type.bundle.unit-test";
		};
/* End PBXNativeTarget section */

/* Begin PBXProject section */
		6E1C70151998BB9400B95440 /* Project object */ = {
			isa = PBXProject;
			attributes = {
				CLASSPREFIX = LL;
				LastUpgradeCheck = 0510;
				ORGANIZATIONNAME = fafaS;
				TargetAttributes = {
					6E1C703D1998BB9400B95440 = {
						TestTargetID = 6E1C701C1998BB9400B95440;
					};
				};
			};
			buildConfigurationList = 6E1C70181998BB9400B95440 /* Build configuration list for PBXProject "faFaTuan" */;
			compatibilityVersion = "Xcode 3.2";
			developmentRegion = English;
			hasScannedForEncodings = 0;
			knownRegions = (
				en,
				Base,
			);
			mainGroup = 6E1C70141998BB9400B95440;
			productRefGroup = 6E1C701E1998BB9400B95440 /* Products */;
			projectDirPath = "";
			projectRoot = "";
			targets = (
				6E1C701C1998BB9400B95440 /* faFaTuan */,
				6E1C703D1998BB9400B95440 /* faFaTuanTests */,
			);
		};
/* End PBXProject section */

/* Begin PBXResourcesBuildPhase section */
		6E1C701B1998BB9400B95440 /* Resources */ = {
			isa = PBXResourcesBuildPhase;
			buildActionMask = 2147483647;
			files = (
				6E1C70391998BB9400B95440 /* Images.xcassets in Resources */,
				6E1C702B1998BB9400B95440 /* InfoPlist.strings in Resources */,
				6E1C70341998BB9400B95440 /* Main.storyboard in Resources */,
			);
			runOnlyForDeploymentPostprocessing = 0;
		};
		6E1C703C1998BB9400B95440 /* Resources */ = {
			isa = PBXResourcesBuildPhase;
			buildActionMask = 2147483647;
			files = (
				6E1C704A1998BB9400B95440 /* InfoPlist.strings in Resources */,
			);
			runOnlyForDeploymentPostprocessing = 0;
		};
/* End PBXResourcesBuildPhase section */

/* Begin PBXSourcesBuildPhase section */
		6E1C70191998BB9400B95440 /* Sources */ = {
			isa = PBXSourcesBuildPhase;
			buildActionMask = 2147483647;
			files = (
				6E1C705D1998C34E00B95440 /* WFTTabBarViewController.m in Sources */,
				6E519C8B199C654300EE418E /* SBJsonWriter.m in Sources */,
				6E1C40B41999BDF000298C2B /* LLMerchantViewController.m in Sources */,
				6E1D3677199F08E90001F47D /* LLLine.m in Sources */,
				6E519C6E199C477E00EE418E /* UIImageView+extend.m in Sources */,
				6E519CB5199C664500EE418E /* LLASIHelp.m in Sources */,
				6E519CAF199C65EA00EE418E /* Reachability.m in Sources */,
				6E1C70311998BB9400B95440 /* LLAppDelegate.m in Sources */,
				6E519CB2199C65F300EE418E /* ASIWebPageRequest.m in Sources */,
				6E519CAC199C65CF00EE418E /* ASIDataCompressor.m in Sources */,
				6E519CAA199C65CF00EE418E /* ASIDownloadCache.m in Sources */,
				6E1C705A1998C04200B95440 /* LLGuideViewController.m in Sources */,
				6E1C40BD1999C12200298C2B /* UIView+Coordinate.m in Sources */,
				6E1C40B71999BE0700298C2B /* LLMyViewController.m in Sources */,
				6E519C8A199C654300EE418E /* SBJsonParser.m in Sources */,
				6E519C89199C654300EE418E /* SBJsonBase.m in Sources */,
				6E519CA9199C65CF00EE418E /* ASINetworkQueue.m in Sources */,
				6E519C75199C605300EE418E /* NSString+extend.m in Sources */,
				6E1C40AE1999B8CF00298C2B /* HCNavigationAndStatusBarTool.m in Sources */,
				6E1C40C11999C2FC00298C2B /* UILabel+extend.m in Sources */,
				6E519CA6199C65CF00EE418E /* ASIInputStream.m in Sources */,
				6E519C86199C654300EE418E /* NSObject+SBJSON.m in Sources */,
				6E1C40BA1999BE1200298C2B /* LLMoreViewController.m in Sources */,
				6E519CA8199C65CF00EE418E /* ASIHTTPRequest.m in Sources */,
				6E519C88199C654300EE418E /* SBJSON.m in Sources */,
				6E1C702D1998BB9400B95440 /* main.m in Sources */,
				6E519CA7199C65CF00EE418E /* ASIFormDataRequest.m in Sources */,
				6E519C72199C590900EE418E /* LLBulkTableViewCell.m in Sources */,
				6E519C87199C654300EE418E /* NSString+SBJSON.m in Sources */,
				6E519CAB199C65CF00EE418E /* ASIDataDecompressor.m in Sources */,
				6E1C40A41999B1F900298C2B /* LLBulkViewController.m in Sources */,
				6E519CA5199C65CF00EE418E /* ASIAuthenticationDialog.m in Sources */,
			);
			runOnlyForDeploymentPostprocessing = 0;
		};
		6E1C703A1998BB9400B95440 /* Sources */ = {
			isa = PBXSourcesBuildPhase;
			buildActionMask = 2147483647;
			files = (
				6E1C704C1998BB9400B95440 /* faFaTuanTests.m in Sources */,
			);
			runOnlyForDeploymentPostprocessing = 0;
		};
/* End PBXSourcesBuildPhase section */

/* Begin PBXTargetDependency section */
		6E1C70441998BB9400B95440 /* PBXTargetDependency */ = {
			isa = PBXTargetDependency;
			target = 6E1C701C1998BB9400B95440 /* faFaTuan */;
			targetProxy = 6E1C70431998BB9400B95440 /* PBXContainerItemProxy */;
		};
/* End PBXTargetDependency section */

/* Begin PBXVariantGroup section */
		6E1C70291998BB9400B95440 /* InfoPlist.strings */ = {
			isa = PBXVariantGroup;
			children = (
				6E1C702A1998BB9400B95440 /* en */,
			);
			name = InfoPlist.strings;
			sourceTree = "<group>";
		};
		6E1C70321998BB9400B95440 /* Main.storyboard */ = {
			isa = PBXVariantGroup;
			children = (
				6E1C70331998BB9400B95440 /* Base */,
			);
			name = Main.storyboard;
			sourceTree = "<group>";
		};
		6E1C70481998BB9400B95440 /* InfoPlist.strings */ = {
			isa = PBXVariantGroup;
			children = (
				6E1C70491998BB9400B95440 /* en */,
			);
			name = InfoPlist.strings;
			sourceTree = "<group>";
		};
/* End PBXVariantGroup section */

/* Begin XCBuildConfiguration section */
		6E1C704D1998BB9400B95440 /* Debug */ = {
			isa = XCBuildConfiguration;
			buildSettings = {
				ALWAYS_SEARCH_USER_PATHS = NO;
				CLANG_CXX_LANGUAGE_STANDARD = "gnu++0x";
				CLANG_CXX_LIBRARY = "libc++";
				CLANG_ENABLE_MODULES = YES;
				CLANG_ENABLE_OBJC_ARC = YES;
				CLANG_WARN_BOOL_CONVERSION = YES;
				CLANG_WARN_CONSTANT_CONVERSION = YES;
				CLANG_WARN_DIRECT_OBJC_ISA_USAGE = YES_ERROR;
				CLANG_WARN_EMPTY_BODY = YES;
				CLANG_WARN_ENUM_CONVERSION = YES;
				CLANG_WARN_INT_CONVERSION = YES;
				CLANG_WARN_OBJC_ROOT_CLASS = YES_ERROR;
				CLANG_WARN__DUPLICATE_METHOD_MATCH = YES;
				"CODE_SIGN_IDENTITY[sdk=iphoneos*]" = "iPhone Developer";
				COPY_PHASE_STRIP = NO;
				GCC_C_LANGUAGE_STANDARD = gnu99;
				GCC_DYNAMIC_NO_PIC = NO;
				GCC_OPTIMIZATION_LEVEL = 0;
				GCC_PREPROCESSOR_DEFINITIONS = (
					"DEBUG=1",
					"$(inherited)",
				);
				GCC_SYMBOLS_PRIVATE_EXTERN = NO;
				GCC_WARN_64_TO_32_BIT_CONVERSION = YES;
				GCC_WARN_ABOUT_RETURN_TYPE = YES_ERROR;
				GCC_WARN_UNDECLARED_SELECTOR = YES;
				GCC_WARN_UNINITIALIZED_AUTOS = YES_AGGRESSIVE;
				GCC_WARN_UNUSED_FUNCTION = YES;
				GCC_WARN_UNUSED_VARIABLE = YES;
				IPHONEOS_DEPLOYMENT_TARGET = 6.0;
				ONLY_ACTIVE_ARCH = YES;
				SDKROOT = iphoneos;
			};
			name = Debug;
		};
		6E1C704E1998BB9400B95440 /* Release */ = {
			isa = XCBuildConfiguration;
			buildSettings = {
				ALWAYS_SEARCH_USER_PATHS = NO;
				CLANG_CXX_LANGUAGE_STANDARD = "gnu++0x";
				CLANG_CXX_LIBRARY = "libc++";
				CLANG_ENABLE_MODULES = YES;
				CLANG_ENABLE_OBJC_ARC = YES;
				CLANG_WARN_BOOL_CONVERSION = YES;
				CLANG_WARN_CONSTANT_CONVERSION = YES;
				CLANG_WARN_DIRECT_OBJC_ISA_USAGE = YES_ERROR;
				CLANG_WARN_EMPTY_BODY = YES;
				CLANG_WARN_ENUM_CONVERSION = YES;
				CLANG_WARN_INT_CONVERSION = YES;
				CLANG_WARN_OBJC_ROOT_CLASS = YES_ERROR;
				CLANG_WARN__DUPLICATE_METHOD_MATCH = YES;
				"CODE_SIGN_IDENTITY[sdk=iphoneos*]" = "iPhone Developer";
				COPY_PHASE_STRIP = YES;
				ENABLE_NS_ASSERTIONS = NO;
				GCC_C_LANGUAGE_STANDARD = gnu99;
				GCC_WARN_64_TO_32_BIT_CONVERSION = YES;
				GCC_WARN_ABOUT_RETURN_TYPE = YES_ERROR;
				GCC_WARN_UNDECLARED_SELECTOR = YES;
				GCC_WARN_UNINITIALIZED_AUTOS = YES_AGGRESSIVE;
				GCC_WARN_UNUSED_FUNCTION = YES;
				GCC_WARN_UNUSED_VARIABLE = YES;
				IPHONEOS_DEPLOYMENT_TARGET = 6.0;
				SDKROOT = iphoneos;
				VALIDATE_PRODUCT = YES;
			};
			name = Release;
		};
		6E1C70501998BB9400B95440 /* Debug */ = {
			isa = XCBuildConfiguration;
			buildSettings = {
				ASSETCATALOG_COMPILER_APPICON_NAME = AppIcon;
				ASSETCATALOG_COMPILER_LAUNCHIMAGE_NAME = LaunchImage;
				GCC_PRECOMPILE_PREFIX_HEADER = YES;
				GCC_PREFIX_HEADER = "faFaTuan/faFaTuan-Prefix.pch";
				HEADER_SEARCH_PATHS = (
					"$(inherited)",
					/Applications/Xcode.app/Contents/Developer/Toolchains/XcodeDefault.xctoolchain/usr/include,
					/usr/include/libxml2,
				);
				INFOPLIST_FILE = "faFaTuan/faFaTuan-Info.plist";
				PRODUCT_NAME = "$(TARGET_NAME)";
				WRAPPER_EXTENSION = app;
			};
			name = Debug;
		};
		6E1C70511998BB9400B95440 /* Release */ = {
			isa = XCBuildConfiguration;
			buildSettings = {
				ASSETCATALOG_COMPILER_APPICON_NAME = AppIcon;
				ASSETCATALOG_COMPILER_LAUNCHIMAGE_NAME = LaunchImage;
				GCC_PRECOMPILE_PREFIX_HEADER = YES;
				GCC_PREFIX_HEADER = "faFaTuan/faFaTuan-Prefix.pch";
				HEADER_SEARCH_PATHS = (
					"$(inherited)",
					/Applications/Xcode.app/Contents/Developer/Toolchains/XcodeDefault.xctoolchain/usr/include,
					/usr/include/libxml2,
				);
				INFOPLIST_FILE = "faFaTuan/faFaTuan-Info.plist";
				PRODUCT_NAME = "$(TARGET_NAME)";
				WRAPPER_EXTENSION = app;
			};
			name = Release;
		};
		6E1C70531998BB9400B95440 /* Debug */ = {
			isa = XCBuildConfiguration;
			buildSettings = {
				BUNDLE_LOADER = "$(BUILT_PRODUCTS_DIR)/faFaTuan.app/faFaTuan";
				FRAMEWORK_SEARCH_PATHS = (
					"$(SDKROOT)/Developer/Library/Frameworks",
					"$(inherited)",
					"$(DEVELOPER_FRAMEWORKS_DIR)",
				);
				GCC_PRECOMPILE_PREFIX_HEADER = YES;
				GCC_PREFIX_HEADER = "faFaTuan/faFaTuan-Prefix.pch";
				GCC_PREPROCESSOR_DEFINITIONS = (
					"DEBUG=1",
					"$(inherited)",
				);
				INFOPLIST_FILE = "faFaTuanTests/faFaTuanTests-Info.plist";
				PRODUCT_NAME = "$(TARGET_NAME)";
				TEST_HOST = "$(BUNDLE_LOADER)";
				WRAPPER_EXTENSION = xctest;
			};
			name = Debug;
		};
		6E1C70541998BB9400B95440 /* Release */ = {
			isa = XCBuildConfiguration;
			buildSettings = {
				BUNDLE_LOADER = "$(BUILT_PRODUCTS_DIR)/faFaTuan.app/faFaTuan";
				FRAMEWORK_SEARCH_PATHS = (
					"$(SDKROOT)/Developer/Library/Frameworks",
					"$(inherited)",
					"$(DEVELOPER_FRAMEWORKS_DIR)",
				);
				GCC_PRECOMPILE_PREFIX_HEADER = YES;
				GCC_PREFIX_HEADER = "faFaTuan/faFaTuan-Prefix.pch";
				INFOPLIST_FILE = "faFaTuanTests/faFaTuanTests-Info.plist";
				PRODUCT_NAME = "$(TARGET_NAME)";
				TEST_HOST = "$(BUNDLE_LOADER)";
				WRAPPER_EXTENSION = xctest;
			};
			name = Release;
		};
/* End XCBuildConfiguration section */

/* Begin XCConfigurationList section */
		6E1C70181998BB9400B95440 /* Build configuration list for PBXProject "faFaTuan" */ = {
			isa = XCConfigurationList;
			buildConfigurations = (
				6E1C704D1998BB9400B95440 /* Debug */,
				6E1C704E1998BB9400B95440 /* Release */,
			);
			defaultConfigurationIsVisible = 0;
			defaultConfigurationName = Release;
		};
		6E1C704F1998BB9400B95440 /* Build configuration list for PBXNativeTarget "faFaTuan" */ = {
			isa = XCConfigurationList;
			buildConfigurations = (
				6E1C70501998BB9400B95440 /* Debug */,
				6E1C70511998BB9400B95440 /* Release */,
			);
			defaultConfigurationIsVisible = 0;
			defaultConfigurationName = Release;
		};
		6E1C70521998BB9400B95440 /* Build configuration list for PBXNativeTarget "faFaTuanTests" */ = {
			isa = XCConfigurationList;
			buildConfigurations = (
				6E1C70531998BB9400B95440 /* Debug */,
				6E1C70541998BB9400B95440 /* Release */,
			);
			defaultConfigurationIsVisible = 0;
			defaultConfigurationName = Release;
		};
/* End XCConfigurationList section */
	};
	rootObject = 6E1C70151998BB9400B95440 /* Project object */;
}
